// !$*UTF8*$!
{
	archiveVersion = 1;
	classes = {
	};
	objectVersion = 55;
	objects = {

/* Begin PBXBuildFile section */
		8AB76A1B411C0BAD72F4FC20 /* Pods_Armaggedon_2022.framework in Frameworks */ = {isa = PBXBuildFile; fileRef = 03442AC77DA88ED6D712B522 /* Pods_Armaggedon_2022.framework */; };
		E31750A82809BAA100462A3F /* DatabaseService.swift in Sources */ = {isa = PBXBuildFile; fileRef = E31750A72809BAA100462A3F /* DatabaseService.swift */; };
		E31750AA2809D9C400462A3F /* DestroyAsteroidsListViewController.swift in Sources */ = {isa = PBXBuildFile; fileRef = E31750A92809D9C400462A3F /* DestroyAsteroidsListViewController.swift */; };
		E31750AC2809DA0100462A3F /* DestroyAsteroidsListViewModelProtocol.swift in Sources */ = {isa = PBXBuildFile; fileRef = E31750AB2809DA0100462A3F /* DestroyAsteroidsListViewModelProtocol.swift */; };
		E31750AE2809DA1D00462A3F /* DestroyAsteroidsListViewModel.swift in Sources */ = {isa = PBXBuildFile; fileRef = E31750AD2809DA1D00462A3F /* DestroyAsteroidsListViewModel.swift */; };
		E33D483D280C5D680007E05F /* AsteroidDetailViewModelProtocol.swift in Sources */ = {isa = PBXBuildFile; fileRef = E33D483C280C5D680007E05F /* AsteroidDetailViewModelProtocol.swift */; };
		E33D483F280C5D890007E05F /* AsteroidDetailViewModel.swift in Sources */ = {isa = PBXBuildFile; fileRef = E33D483E280C5D890007E05F /* AsteroidDetailViewModel.swift */; };
		E33D4841280C5DE40007E05F /* AsteroidDetailModel.swift in Sources */ = {isa = PBXBuildFile; fileRef = E33D4840280C5DE40007E05F /* AsteroidDetailModel.swift */; };
		E33D4843280C6A4B0007E05F /* AsteroidDetailViewController.swift in Sources */ = {isa = PBXBuildFile; fileRef = E33D4842280C6A4B0007E05F /* AsteroidDetailViewController.swift */; };
		E33D4849280DA3E30007E05F /* ApproachCollectionViewCell.swift in Sources */ = {isa = PBXBuildFile; fileRef = E33D4848280DA3E30007E05F /* ApproachCollectionViewCell.swift */; };
		E33D484B280DBD110007E05F /* ApproachesHeaderView.swift in Sources */ = {isa = PBXBuildFile; fileRef = E33D484A280DBD110007E05F /* ApproachesHeaderView.swift */; };
		E3BEBD6B280A0FE100F912D0 /* DestroyAsteroidTableViewCell.swift in Sources */ = {isa = PBXBuildFile; fileRef = E3BEBD6A280A0FE100F912D0 /* DestroyAsteroidTableViewCell.swift */; };
		E3FAED6D28079059008CDAF4 /* Assets.xcassets in Resources */ = {isa = PBXBuildFile; fileRef = E3FAED6C28079059008CDAF4 /* Assets.xcassets */; };
		E3FAED7028079059008CDAF4 /* LaunchScreen.storyboard in Resources */ = {isa = PBXBuildFile; fileRef = E3FAED6E28079059008CDAF4 /* LaunchScreen.storyboard */; };
		E3FAED7D28079105008CDAF4 /* NetworkService.swift in Sources */ = {isa = PBXBuildFile; fileRef = E3FAED7B28079105008CDAF4 /* NetworkService.swift */; };
		E3FAED7E28079105008CDAF4 /* NetworkError.swift in Sources */ = {isa = PBXBuildFile; fileRef = E3FAED7C28079105008CDAF4 /* NetworkError.swift */; };
		E3FAED8028079112008CDAF4 /* ResponseModel.swift in Sources */ = {isa = PBXBuildFile; fileRef = E3FAED7F28079112008CDAF4 /* ResponseModel.swift */; };
		E3FAED83280791E4008CDAF4 /* AsteroidModel.swift in Sources */ = {isa = PBXBuildFile; fileRef = E3FAED82280791E4008CDAF4 /* AsteroidModel.swift */; };
		E3FAED8628079209008CDAF4 /* Mapper.swift in Sources */ = {isa = PBXBuildFile; fileRef = E3FAED8528079209008CDAF4 /* Mapper.swift */; };
		E3FAED8B2807922B008CDAF4 /* AsteroidListViewModelProtocol.swift in Sources */ = {isa = PBXBuildFile; fileRef = E3FAED882807922B008CDAF4 /* AsteroidListViewModelProtocol.swift */; };
		E3FAED8C2807922B008CDAF4 /* ViewModelProtocol.swift in Sources */ = {isa = PBXBuildFile; fileRef = E3FAED892807922B008CDAF4 /* ViewModelProtocol.swift */; };
		E3FAED8D2807922B008CDAF4 /* AsteroidsListViewModel.swift in Sources */ = {isa = PBXBuildFile; fileRef = E3FAED8A2807922B008CDAF4 /* AsteroidsListViewModel.swift */; };
		E3FAED9028079253008CDAF4 /* AppDelegate.swift in Sources */ = {isa = PBXBuildFile; fileRef = E3FAED8E28079253008CDAF4 /* AppDelegate.swift */; };
		E3FAED9128079253008CDAF4 /* SceneDelegate.swift in Sources */ = {isa = PBXBuildFile; fileRef = E3FAED8F28079253008CDAF4 /* SceneDelegate.swift */; };
		E3FAED942807925D008CDAF4 /* AsteroidsListViewController.swift in Sources */ = {isa = PBXBuildFile; fileRef = E3FAED932807925D008CDAF4 /* AsteroidsListViewController.swift */; };
		E3FAED9628084794008CDAF4 /* AsteroidCollectionViewCell.swift in Sources */ = {isa = PBXBuildFile; fileRef = E3FAED9528084794008CDAF4 /* AsteroidCollectionViewCell.swift */; };
		E3FAED9A28084C3C008CDAF4 /* HeaderApproachView.swift in Sources */ = {isa = PBXBuildFile; fileRef = E3FAED9928084C3C008CDAF4 /* HeaderApproachView.swift */; };
		E3FAED9C28086F50008CDAF4 /* Constants.swift in Sources */ = {isa = PBXBuildFile; fileRef = E3FAED9B28086F50008CDAF4 /* Constants.swift */; };
		E3FAED9E28087469008CDAF4 /* Extensions.swift in Sources */ = {isa = PBXBuildFile; fileRef = E3FAED9D28087469008CDAF4 /* Extensions.swift */; };
		E3FAEDA0280897C7008CDAF4 /* AsteroidCellModel.swift in Sources */ = {isa = PBXBuildFile; fileRef = E3FAED9F280897C7008CDAF4 /* AsteroidCellModel.swift */; };
		E3FAEDA22808B6BA008CDAF4 /* TabBarController.swift in Sources */ = {isa = PBXBuildFile; fileRef = E3FAEDA12808B6BA008CDAF4 /* TabBarController.swift */; };
		E3FAEDA42808BDA4008CDAF4 /* FilterViewController.swift in Sources */ = {isa = PBXBuildFile; fileRef = E3FAEDA32808BDA4008CDAF4 /* FilterViewController.swift */; };
		E3FAEDA62808BDB2008CDAF4 /* FilterViewModelProtocol.swift in Sources */ = {isa = PBXBuildFile; fileRef = E3FAEDA52808BDB2008CDAF4 /* FilterViewModelProtocol.swift */; };
		E3FAEDB02808C241008CDAF4 /* FilterViewModel.swift in Sources */ = {isa = PBXBuildFile; fileRef = E3FAEDAF2808C241008CDAF4 /* FilterViewModel.swift */; };
		E3FAEDB7280961D3008CDAF4 /* UnitsFilterTableViewCell.swift in Sources */ = {isa = PBXBuildFile; fileRef = E3FAEDB6280961D3008CDAF4 /* UnitsFilterTableViewCell.swift */; };
		E3FAEDB928097066008CDAF4 /* HazardousFilterTableViewCell.swift in Sources */ = {isa = PBXBuildFile; fileRef = E3FAEDB828097066008CDAF4 /* HazardousFilterTableViewCell.swift */; };
/* End PBXBuildFile section */

/* Begin PBXFileReference section */
		03442AC77DA88ED6D712B522 /* Pods_Armaggedon_2022.framework */ = {isa = PBXFileReference; explicitFileType = wrapper.framework; includeInIndex = 0; path = Pods_Armaggedon_2022.framework; sourceTree = BUILT_PRODUCTS_DIR; };
		918CD4A16A80E84606B9DC59 /* Pods-Armaggedon 2022.release.xcconfig */ = {isa = PBXFileReference; includeInIndex = 1; lastKnownFileType = text.xcconfig; name = "Pods-Armaggedon 2022.release.xcconfig"; path = "Target Support Files/Pods-Armaggedon 2022/Pods-Armaggedon 2022.release.xcconfig"; sourceTree = "<group>"; };
		95294C6061F74EA055DF7EB9 /* Pods-Armaggedon 2022.debug.xcconfig */ = {isa = PBXFileReference; includeInIndex = 1; lastKnownFileType = text.xcconfig; name = "Pods-Armaggedon 2022.debug.xcconfig"; path = "Target Support Files/Pods-Armaggedon 2022/Pods-Armaggedon 2022.debug.xcconfig"; sourceTree = "<group>"; };
		E31750A72809BAA100462A3F /* DatabaseService.swift */ = {isa = PBXFileReference; lastKnownFileType = sourcecode.swift; path = DatabaseService.swift; sourceTree = "<group>"; };
		E31750A92809D9C400462A3F /* DestroyAsteroidsListViewController.swift */ = {isa = PBXFileReference; lastKnownFileType = sourcecode.swift; path = DestroyAsteroidsListViewController.swift; sourceTree = "<group>"; };
		E31750AB2809DA0100462A3F /* DestroyAsteroidsListViewModelProtocol.swift */ = {isa = PBXFileReference; lastKnownFileType = sourcecode.swift; path = DestroyAsteroidsListViewModelProtocol.swift; sourceTree = "<group>"; };
		E31750AD2809DA1D00462A3F /* DestroyAsteroidsListViewModel.swift */ = {isa = PBXFileReference; lastKnownFileType = sourcecode.swift; path = DestroyAsteroidsListViewModel.swift; sourceTree = "<group>"; };
		E33D483C280C5D680007E05F /* AsteroidDetailViewModelProtocol.swift */ = {isa = PBXFileReference; lastKnownFileType = sourcecode.swift; path = AsteroidDetailViewModelProtocol.swift; sourceTree = "<group>"; };
		E33D483E280C5D890007E05F /* AsteroidDetailViewModel.swift */ = {isa = PBXFileReference; lastKnownFileType = sourcecode.swift; path = AsteroidDetailViewModel.swift; sourceTree = "<group>"; };
		E33D4840280C5DE40007E05F /* AsteroidDetailModel.swift */ = {isa = PBXFileReference; lastKnownFileType = sourcecode.swift; path = AsteroidDetailModel.swift; sourceTree = "<group>"; };
		E33D4842280C6A4B0007E05F /* AsteroidDetailViewController.swift */ = {isa = PBXFileReference; lastKnownFileType = sourcecode.swift; path = AsteroidDetailViewController.swift; sourceTree = "<group>"; };
		E33D4848280DA3E30007E05F /* ApproachCollectionViewCell.swift */ = {isa = PBXFileReference; lastKnownFileType = sourcecode.swift; path = ApproachCollectionViewCell.swift; sourceTree = "<group>"; };
		E33D484A280DBD110007E05F /* ApproachesHeaderView.swift */ = {isa = PBXFileReference; lastKnownFileType = sourcecode.swift; path = ApproachesHeaderView.swift; sourceTree = "<group>"; };
		E3BEBD6A280A0FE100F912D0 /* DestroyAsteroidTableViewCell.swift */ = {isa = PBXFileReference; lastKnownFileType = sourcecode.swift; path = DestroyAsteroidTableViewCell.swift; sourceTree = "<group>"; };
		E3FAED6028079057008CDAF4 /* Armaggedon 2022.app */ = {isa = PBXFileReference; explicitFileType = wrapper.application; includeInIndex = 0; path = "Armaggedon 2022.app"; sourceTree = BUILT_PRODUCTS_DIR; };
		E3FAED6C28079059008CDAF4 /* Assets.xcassets */ = {isa = PBXFileReference; lastKnownFileType = folder.assetcatalog; path = Assets.xcassets; sourceTree = "<group>"; };
		E3FAED6F28079059008CDAF4 /* Base */ = {isa = PBXFileReference; lastKnownFileType = file.storyboard; name = Base; path = Base.lproj/LaunchScreen.storyboard; sourceTree = "<group>"; };
		E3FAED7128079059008CDAF4 /* Info.plist */ = {isa = PBXFileReference; lastKnownFileType = text.plist.xml; path = Info.plist; sourceTree = "<group>"; };
		E3FAED7B28079105008CDAF4 /* NetworkService.swift */ = {isa = PBXFileReference; fileEncoding = 4; lastKnownFileType = sourcecode.swift; path = NetworkService.swift; sourceTree = "<group>"; };
		E3FAED7C28079105008CDAF4 /* NetworkError.swift */ = {isa = PBXFileReference; fileEncoding = 4; lastKnownFileType = sourcecode.swift; path = NetworkError.swift; sourceTree = "<group>"; };
		E3FAED7F28079112008CDAF4 /* ResponseModel.swift */ = {isa = PBXFileReference; fileEncoding = 4; lastKnownFileType = sourcecode.swift; path = ResponseModel.swift; sourceTree = "<group>"; };
		E3FAED82280791E4008CDAF4 /* AsteroidModel.swift */ = {isa = PBXFileReference; fileEncoding = 4; lastKnownFileType = sourcecode.swift; path = AsteroidModel.swift; sourceTree = "<group>"; };
		E3FAED8528079209008CDAF4 /* Mapper.swift */ = {isa = PBXFileReference; fileEncoding = 4; lastKnownFileType = sourcecode.swift; path = Mapper.swift; sourceTree = "<group>"; };
		E3FAED882807922B008CDAF4 /* AsteroidListViewModelProtocol.swift */ = {isa = PBXFileReference; fileEncoding = 4; lastKnownFileType = sourcecode.swift; path = AsteroidListViewModelProtocol.swift; sourceTree = "<group>"; };
		E3FAED892807922B008CDAF4 /* ViewModelProtocol.swift */ = {isa = PBXFileReference; fileEncoding = 4; lastKnownFileType = sourcecode.swift; path = ViewModelProtocol.swift; sourceTree = "<group>"; };
		E3FAED8A2807922B008CDAF4 /* AsteroidsListViewModel.swift */ = {isa = PBXFileReference; fileEncoding = 4; lastKnownFileType = sourcecode.swift; path = AsteroidsListViewModel.swift; sourceTree = "<group>"; };
		E3FAED8E28079253008CDAF4 /* AppDelegate.swift */ = {isa = PBXFileReference; fileEncoding = 4; lastKnownFileType = sourcecode.swift; path = AppDelegate.swift; sourceTree = "<group>"; };
		E3FAED8F28079253008CDAF4 /* SceneDelegate.swift */ = {isa = PBXFileReference; fileEncoding = 4; lastKnownFileType = sourcecode.swift; path = SceneDelegate.swift; sourceTree = "<group>"; };
		E3FAED932807925D008CDAF4 /* AsteroidsListViewController.swift */ = {isa = PBXFileReference; fileEncoding = 4; lastKnownFileType = sourcecode.swift; path = AsteroidsListViewController.swift; sourceTree = "<group>"; };
		E3FAED9528084794008CDAF4 /* AsteroidCollectionViewCell.swift */ = {isa = PBXFileReference; lastKnownFileType = sourcecode.swift; path = AsteroidCollectionViewCell.swift; sourceTree = "<group>"; };
		E3FAED9928084C3C008CDAF4 /* HeaderApproachView.swift */ = {isa = PBXFileReference; lastKnownFileType = sourcecode.swift; path = HeaderApproachView.swift; sourceTree = "<group>"; };
		E3FAED9B28086F50008CDAF4 /* Constants.swift */ = {isa = PBXFileReference; lastKnownFileType = sourcecode.swift; path = Constants.swift; sourceTree = "<group>"; };
		E3FAED9D28087469008CDAF4 /* Extensions.swift */ = {isa = PBXFileReference; lastKnownFileType = sourcecode.swift; path = Extensions.swift; sourceTree = "<group>"; };
		E3FAED9F280897C7008CDAF4 /* AsteroidCellModel.swift */ = {isa = PBXFileReference; lastKnownFileType = sourcecode.swift; path = AsteroidCellModel.swift; sourceTree = "<group>"; };
		E3FAEDA12808B6BA008CDAF4 /* TabBarController.swift */ = {isa = PBXFileReference; lastKnownFileType = sourcecode.swift; path = TabBarController.swift; sourceTree = "<group>"; };
		E3FAEDA32808BDA4008CDAF4 /* FilterViewController.swift */ = {isa = PBXFileReference; lastKnownFileType = sourcecode.swift; path = FilterViewController.swift; sourceTree = "<group>"; };
		E3FAEDA52808BDB2008CDAF4 /* FilterViewModelProtocol.swift */ = {isa = PBXFileReference; lastKnownFileType = sourcecode.swift; path = FilterViewModelProtocol.swift; sourceTree = "<group>"; };
		E3FAEDAF2808C241008CDAF4 /* FilterViewModel.swift */ = {isa = PBXFileReference; lastKnownFileType = sourcecode.swift; path = FilterViewModel.swift; sourceTree = "<group>"; };
		E3FAEDB6280961D3008CDAF4 /* UnitsFilterTableViewCell.swift */ = {isa = PBXFileReference; lastKnownFileType = sourcecode.swift; path = UnitsFilterTableViewCell.swift; sourceTree = "<group>"; };
		E3FAEDB828097066008CDAF4 /* HazardousFilterTableViewCell.swift */ = {isa = PBXFileReference; lastKnownFileType = sourcecode.swift; path = HazardousFilterTableViewCell.swift; sourceTree = "<group>"; };
/* End PBXFileReference section */

/* Begin PBXFrameworksBuildPhase section */
		E3FAED5D28079057008CDAF4 /* Frameworks */ = {
			isa = PBXFrameworksBuildPhase;
			buildActionMask = 2147483647;
			files = (
				8AB76A1B411C0BAD72F4FC20 /* Pods_Armaggedon_2022.framework in Frameworks */,
			);
			runOnlyForDeploymentPostprocessing = 0;
		};
/* End PBXFrameworksBuildPhase section */

/* Begin PBXGroup section */
		3FBC9BC3C522D0C7A52161EF /* Pods */ = {
			isa = PBXGroup;
			children = (
				95294C6061F74EA055DF7EB9 /* Pods-Armaggedon 2022.debug.xcconfig */,
				918CD4A16A80E84606B9DC59 /* Pods-Armaggedon 2022.release.xcconfig */,
			);
			path = Pods;
			sourceTree = "<group>";
		};
		B6FBD3A287130C3DC1C08EB7 /* Frameworks */ = {
			isa = PBXGroup;
			children = (
				03442AC77DA88ED6D712B522 /* Pods_Armaggedon_2022.framework */,
			);
			name = Frameworks;
			sourceTree = "<group>";
		};
		E3FAED5728079057008CDAF4 = {
			isa = PBXGroup;
			children = (
				E3FAED6228079057008CDAF4 /* Armaggedon 2022 */,
				E3FAED6128079057008CDAF4 /* Products */,
				3FBC9BC3C522D0C7A52161EF /* Pods */,
				B6FBD3A287130C3DC1C08EB7 /* Frameworks */,
			);
			sourceTree = "<group>";
		};
		E3FAED6128079057008CDAF4 /* Products */ = {
			isa = PBXGroup;
			children = (
				E3FAED6028079057008CDAF4 /* Armaggedon 2022.app */,
			);
			name = Products;
			sourceTree = "<group>";
		};
		E3FAED6228079057008CDAF4 /* Armaggedon 2022 */ = {
			isa = PBXGroup;
			children = (
				E3FAED77280790CC008CDAF4 /* Application */,
				E3FAED78280790D6008CDAF4 /* Resources */,
				E3FAED8428079209008CDAF4 /* Helper */,
				E3FAED7A28079105008CDAF4 /* Services */,
				E3FAED8128079114008CDAF4 /* Models */,
				E3FAED872807922B008CDAF4 /* ViewModels */,
				E3FAED922807925D008CDAF4 /* Controllers */,
				E3FAED79280790DD008CDAF4 /* Views */,
			);
			path = "Armaggedon 2022";
			sourceTree = "<group>";
		};
		E3FAED77280790CC008CDAF4 /* Application */ = {
			isa = PBXGroup;
			children = (
				E3FAED8E28079253008CDAF4 /* AppDelegate.swift */,
				E3FAED8F28079253008CDAF4 /* SceneDelegate.swift */,
			);
			path = Application;
			sourceTree = "<group>";
		};
		E3FAED78280790D6008CDAF4 /* Resources */ = {
			isa = PBXGroup;
			children = (
				E3FAED6C28079059008CDAF4 /* Assets.xcassets */,
				E3FAED7128079059008CDAF4 /* Info.plist */,
			);
			path = Resources;
			sourceTree = "<group>";
		};
		E3FAED79280790DD008CDAF4 /* Views */ = {
			isa = PBXGroup;
			children = (
				E3FAED6E28079059008CDAF4 /* LaunchScreen.storyboard */,
				E3FAED9528084794008CDAF4 /* AsteroidCollectionViewCell.swift */,
				E3FAED9928084C3C008CDAF4 /* HeaderApproachView.swift */,
				E3FAEDB6280961D3008CDAF4 /* UnitsFilterTableViewCell.swift */,
				E3BEBD6A280A0FE100F912D0 /* DestroyAsteroidTableViewCell.swift */,
				E33D4848280DA3E30007E05F /* ApproachCollectionViewCell.swift */,
				E3FAEDB828097066008CDAF4 /* HazardousFilterTableViewCell.swift */,
				E33D484A280DBD110007E05F /* ApproachesHeaderView.swift */,
			);
			path = Views;
			sourceTree = "<group>";
		};
		E3FAED7A28079105008CDAF4 /* Services */ = {
			isa = PBXGroup;
			children = (
				E3FAED7B28079105008CDAF4 /* NetworkService.swift */,
				E31750A72809BAA100462A3F /* DatabaseService.swift */,
				E3FAED7C28079105008CDAF4 /* NetworkError.swift */,
			);
			path = Services;
			sourceTree = "<group>";
		};
		E3FAED8128079114008CDAF4 /* Models */ = {
			isa = PBXGroup;
			children = (
				E3FAED7F28079112008CDAF4 /* ResponseModel.swift */,
				E3FAED82280791E4008CDAF4 /* AsteroidModel.swift */,
				E3FAED9F280897C7008CDAF4 /* AsteroidCellModel.swift */,
				E33D4840280C5DE40007E05F /* AsteroidDetailModel.swift */,
			);
			path = Models;
			sourceTree = "<group>";
		};
		E3FAED8428079209008CDAF4 /* Helper */ = {
			isa = PBXGroup;
			children = (
				E3FAED8528079209008CDAF4 /* Mapper.swift */,
				E3FAED9B28086F50008CDAF4 /* Constants.swift */,
				E3FAED9D28087469008CDAF4 /* Extensions.swift */,
			);
			path = Helper;
			sourceTree = "<group>";
		};
		E3FAED872807922B008CDAF4 /* ViewModels */ = {
			isa = PBXGroup;
			children = (
				E3FAEDAE2808C235008CDAF4 /* Protocols */,
				E3FAED8A2807922B008CDAF4 /* AsteroidsListViewModel.swift */,
				E3FAEDAF2808C241008CDAF4 /* FilterViewModel.swift */,
				E31750AD2809DA1D00462A3F /* DestroyAsteroidsListViewModel.swift */,
				E33D483E280C5D890007E05F /* AsteroidDetailViewModel.swift */,
			);
			path = ViewModels;
			sourceTree = "<group>";
		};
		E3FAED922807925D008CDAF4 /* Controllers */ = {
			isa = PBXGroup;
			children = (
				E3FAED932807925D008CDAF4 /* AsteroidsListViewController.swift */,
				E3FAEDA32808BDA4008CDAF4 /* FilterViewController.swift */,
				E3FAEDA12808B6BA008CDAF4 /* TabBarController.swift */,
				E31750A92809D9C400462A3F /* DestroyAsteroidsListViewController.swift */,
				E33D4842280C6A4B0007E05F /* AsteroidDetailViewController.swift */,
			);
			path = Controllers;
			sourceTree = "<group>";
		};
		E3FAEDAE2808C235008CDAF4 /* Protocols */ = {
			isa = PBXGroup;
			children = (
				E3FAED882807922B008CDAF4 /* AsteroidListViewModelProtocol.swift */,
				E3FAED892807922B008CDAF4 /* ViewModelProtocol.swift */,
				E3FAEDA52808BDB2008CDAF4 /* FilterViewModelProtocol.swift */,
				E31750AB2809DA0100462A3F /* DestroyAsteroidsListViewModelProtocol.swift */,
				E33D483C280C5D680007E05F /* AsteroidDetailViewModelProtocol.swift */,
			);
			path = Protocols;
			sourceTree = "<group>";
		};
/* End PBXGroup section */

/* Begin PBXNativeTarget section */
		E3FAED5F28079057008CDAF4 /* Armaggedon 2022 */ = {
			isa = PBXNativeTarget;
			buildConfigurationList = E3FAED7428079059008CDAF4 /* Build configuration list for PBXNativeTarget "Armaggedon 2022" */;
			buildPhases = (
				E33D4850280DFCC50007E05F /* ShellScript */,
				5FC8622E938AEF03958CEDBC /* [CP] Check Pods Manifest.lock */,
				E3FAED5C28079057008CDAF4 /* Sources */,
				E3FAED5D28079057008CDAF4 /* Frameworks */,
				E3FAED5E28079057008CDAF4 /* Resources */,
				6E85C1AF5D525209AB395487 /* [CP] Embed Pods Frameworks */,
			);
			buildRules = (
			);
			dependencies = (
			);
			name = "Armaggedon 2022";
			productName = "Armaggedon 2022";
			productReference = E3FAED6028079057008CDAF4 /* Armaggedon 2022.app */;
			productType = "com.apple.product-type.application";
		};
/* End PBXNativeTarget section */

/* Begin PBXProject section */
		E3FAED5828079057008CDAF4 /* Project object */ = {
			isa = PBXProject;
			attributes = {
				BuildIndependentTargetsInParallel = 1;
				LastSwiftUpdateCheck = 1320;
				LastUpgradeCheck = 1320;
				TargetAttributes = {
					E3FAED5F28079057008CDAF4 = {
						CreatedOnToolsVersion = 13.2.1;
					};
				};
			};
			buildConfigurationList = E3FAED5B28079057008CDAF4 /* Build configuration list for PBXProject "Armaggedon 2022" */;
			compatibilityVersion = "Xcode 13.0";
			developmentRegion = en;
			hasScannedForEncodings = 0;
			knownRegions = (
				en,
				Base,
			);
			mainGroup = E3FAED5728079057008CDAF4;
			productRefGroup = E3FAED6128079057008CDAF4 /* Products */;
			projectDirPath = "";
			projectRoot = "";
			targets = (
				E3FAED5F28079057008CDAF4 /* Armaggedon 2022 */,
			);
		};
/* End PBXProject section */

/* Begin PBXResourcesBuildPhase section */
		E3FAED5E28079057008CDAF4 /* Resources */ = {
			isa = PBXResourcesBuildPhase;
			buildActionMask = 2147483647;
			files = (
				E3FAED7028079059008CDAF4 /* LaunchScreen.storyboard in Resources */,
				E3FAED6D28079059008CDAF4 /* Assets.xcassets in Resources */,
			);
			runOnlyForDeploymentPostprocessing = 0;
		};
/* End PBXResourcesBuildPhase section */

/* Begin PBXShellScriptBuildPhase section */
		5FC8622E938AEF03958CEDBC /* [CP] Check Pods Manifest.lock */ = {
			isa = PBXShellScriptBuildPhase;
			buildActionMask = 2147483647;
			files = (
			);
			inputFileListPaths = (
			);
			inputPaths = (
				"${PODS_PODFILE_DIR_PATH}/Podfile.lock",
				"${PODS_ROOT}/Manifest.lock",
			);
			name = "[CP] Check Pods Manifest.lock";
			outputFileListPaths = (
			);
			outputPaths = (
				"$(DERIVED_FILE_DIR)/Pods-Armaggedon 2022-checkManifestLockResult.txt",
			);
			runOnlyForDeploymentPostprocessing = 0;
			shellPath = /bin/sh;
			shellScript = "diff \"${PODS_PODFILE_DIR_PATH}/Podfile.lock\" \"${PODS_ROOT}/Manifest.lock\" > /dev/null\nif [ $? != 0 ] ; then\n    # print error to STDERR\n    echo \"error: The sandbox is not in sync with the Podfile.lock. Run 'pod install' or update your CocoaPods installation.\" >&2\n    exit 1\nfi\n# This output is used by Xcode 'outputs' to avoid re-running this script phase.\necho \"SUCCESS\" > \"${SCRIPT_OUTPUT_FILE_0}\"\n";
			showEnvVarsInLog = 0;
		};
		6E85C1AF5D525209AB395487 /* [CP] Embed Pods Frameworks */ = {
			isa = PBXShellScriptBuildPhase;
			buildActionMask = 2147483647;
			files = (
			);
			inputFileListPaths = (
				"${PODS_ROOT}/Target Support Files/Pods-Armaggedon 2022/Pods-Armaggedon 2022-frameworks-${CONFIGURATION}-input-files.xcfilelist",
			);
			name = "[CP] Embed Pods Frameworks";
			outputFileListPaths = (
				"${PODS_ROOT}/Target Support Files/Pods-Armaggedon 2022/Pods-Armaggedon 2022-frameworks-${CONFIGURATION}-output-files.xcfilelist",
			);
			runOnlyForDeploymentPostprocessing = 0;
			shellPath = /bin/sh;
			shellScript = "\"${PODS_ROOT}/Target Support Files/Pods-Armaggedon 2022/Pods-Armaggedon 2022-frameworks.sh\"\n";
			showEnvVarsInLog = 0;
		};
		E33D4850280DFCC50007E05F /* ShellScript */ = {
			isa = PBXShellScriptBuildPhase;
			buildActionMask = 2147483647;
			files = (
			);
			inputFileListPaths = (
			);
			inputPaths = (
			);
			outputFileListPaths = (
			);
			outputPaths = (
			);
			runOnlyForDeploymentPostprocessing = 0;
			shellPath = /bin/sh;
			shellScript = "\"${PODS_ROOT}/SwiftLint/swiftlint\"\n";
		};
/* End PBXShellScriptBuildPhase section */

/* Begin PBXSourcesBuildPhase section */
		E3FAED5C28079057008CDAF4 /* Sources */ = {
			isa = PBXSourcesBuildPhase;
			buildActionMask = 2147483647;
			files = (
				E33D4849280DA3E30007E05F /* ApproachCollectionViewCell.swift in Sources */,
				E31750AE2809DA1D00462A3F /* DestroyAsteroidsListViewModel.swift in Sources */,
				E3FAED9628084794008CDAF4 /* AsteroidCollectionViewCell.swift in Sources */,
				E3FAED7E28079105008CDAF4 /* NetworkError.swift in Sources */,
				E3FAEDB02808C241008CDAF4 /* FilterViewModel.swift in Sources */,
				E3BEBD6B280A0FE100F912D0 /* DestroyAsteroidTableViewCell.swift in Sources */,
				E3FAED8628079209008CDAF4 /* Mapper.swift in Sources */,
				E3FAED8B2807922B008CDAF4 /* AsteroidListViewModelProtocol.swift in Sources */,
				E3FAED9A28084C3C008CDAF4 /* HeaderApproachView.swift in Sources */,
				E33D483F280C5D890007E05F /* AsteroidDetailViewModel.swift in Sources */,
				E31750AA2809D9C400462A3F /* DestroyAsteroidsListViewController.swift in Sources */,
				E3FAED9028079253008CDAF4 /* AppDelegate.swift in Sources */,
				E3FAEDA22808B6BA008CDAF4 /* TabBarController.swift in Sources */,
				E3FAED83280791E4008CDAF4 /* AsteroidModel.swift in Sources */,
				E3FAED9128079253008CDAF4 /* SceneDelegate.swift in Sources */,
				E3FAED8028079112008CDAF4 /* ResponseModel.swift in Sources */,
				E3FAED8D2807922B008CDAF4 /* AsteroidsListViewModel.swift in Sources */,
				E3FAEDA62808BDB2008CDAF4 /* FilterViewModelProtocol.swift in Sources */,
				E33D484B280DBD110007E05F /* ApproachesHeaderView.swift in Sources */,
				E33D4843280C6A4B0007E05F /* AsteroidDetailViewController.swift in Sources */,
				E3FAED9E28087469008CDAF4 /* Extensions.swift in Sources */,
				E3FAEDB7280961D3008CDAF4 /* UnitsFilterTableViewCell.swift in Sources */,
				E33D483D280C5D680007E05F /* AsteroidDetailViewModelProtocol.swift in Sources */,
				E3FAEDA42808BDA4008CDAF4 /* FilterViewController.swift in Sources */,
				E3FAED7D28079105008CDAF4 /* NetworkService.swift in Sources */,
				E31750AC2809DA0100462A3F /* DestroyAsteroidsListViewModelProtocol.swift in Sources */,
				E3FAEDB928097066008CDAF4 /* HazardousFilterTableViewCell.swift in Sources */,
				E31750A82809BAA100462A3F /* DatabaseService.swift in Sources */,
				E33D4841280C5DE40007E05F /* AsteroidDetailModel.swift in Sources */,
				E3FAED9C28086F50008CDAF4 /* Constants.swift in Sources */,
				E3FAED942807925D008CDAF4 /* AsteroidsListViewController.swift in Sources */,
				E3FAEDA0280897C7008CDAF4 /* AsteroidCellModel.swift in Sources */,
				E3FAED8C2807922B008CDAF4 /* ViewModelProtocol.swift in Sources */,
			);
			runOnlyForDeploymentPostprocessing = 0;
		};
/* End PBXSourcesBuildPhase section */

/* Begin PBXVariantGroup section */
		E3FAED6E28079059008CDAF4 /* LaunchScreen.storyboard */ = {
			isa = PBXVariantGroup;
			children = (
				E3FAED6F28079059008CDAF4 /* Base */,
			);
			name = LaunchScreen.storyboard;
			sourceTree = "<group>";
		};
/* End PBXVariantGroup section */

/* Begin XCBuildConfiguration section */
		E3FAED7228079059008CDAF4 /* Debug */ = {
			isa = XCBuildConfiguration;
			buildSettings = {
				ALWAYS_SEARCH_USER_PATHS = NO;
				CLANG_ANALYZER_NONNULL = YES;
				CLANG_ANALYZER_NUMBER_OBJECT_CONVERSION = YES_AGGRESSIVE;
				CLANG_CXX_LANGUAGE_STANDARD = "gnu++17";
				CLANG_CXX_LIBRARY = "libc++";
				CLANG_ENABLE_MODULES = YES;
				CLANG_ENABLE_OBJC_ARC = YES;
				CLANG_ENABLE_OBJC_WEAK = YES;
				CLANG_WARN_BLOCK_CAPTURE_AUTORELEASING = YES;
				CLANG_WARN_BOOL_CONVERSION = YES;
				CLANG_WARN_COMMA = YES;
				CLANG_WARN_CONSTANT_CONVERSION = YES;
				CLANG_WARN_DEPRECATED_OBJC_IMPLEMENTATIONS = YES;
				CLANG_WARN_DIRECT_OBJC_ISA_USAGE = YES_ERROR;
				CLANG_WARN_DOCUMENTATION_COMMENTS = YES;
				CLANG_WARN_EMPTY_BODY = YES;
				CLANG_WARN_ENUM_CONVERSION = YES;
				CLANG_WARN_INFINITE_RECURSION = YES;
				CLANG_WARN_INT_CONVERSION = YES;
				CLANG_WARN_NON_LITERAL_NULL_CONVERSION = YES;
				CLANG_WARN_OBJC_IMPLICIT_RETAIN_SELF = YES;
				CLANG_WARN_OBJC_LITERAL_CONVERSION = YES;
				CLANG_WARN_OBJC_ROOT_CLASS = YES_ERROR;
				CLANG_WARN_QUOTED_INCLUDE_IN_FRAMEWORK_HEADER = YES;
				CLANG_WARN_RANGE_LOOP_ANALYSIS = YES;
				CLANG_WARN_STRICT_PROTOTYPES = YES;
				CLANG_WARN_SUSPICIOUS_MOVE = YES;
				CLANG_WARN_UNGUARDED_AVAILABILITY = YES_AGGRESSIVE;
				CLANG_WARN_UNREACHABLE_CODE = YES;
				CLANG_WARN__DUPLICATE_METHOD_MATCH = YES;
				COPY_PHASE_STRIP = NO;
				DEBUG_INFORMATION_FORMAT = dwarf;
				ENABLE_STRICT_OBJC_MSGSEND = YES;
				ENABLE_TESTABILITY = YES;
				GCC_C_LANGUAGE_STANDARD = gnu11;
				GCC_DYNAMIC_NO_PIC = NO;
				GCC_NO_COMMON_BLOCKS = YES;
				GCC_OPTIMIZATION_LEVEL = 0;
				GCC_PREPROCESSOR_DEFINITIONS = (
					"DEBUG=1",
					"$(inherited)",
				);
				GCC_WARN_64_TO_32_BIT_CONVERSION = YES;
				GCC_WARN_ABOUT_RETURN_TYPE = YES_ERROR;
				GCC_WARN_UNDECLARED_SELECTOR = YES;
				GCC_WARN_UNINITIALIZED_AUTOS = YES_AGGRESSIVE;
				GCC_WARN_UNUSED_FUNCTION = YES;
				GCC_WARN_UNUSED_VARIABLE = YES;
				IPHONEOS_DEPLOYMENT_TARGET = 15.2;
				MTL_ENABLE_DEBUG_INFO = INCLUDE_SOURCE;
				MTL_FAST_MATH = YES;
				ONLY_ACTIVE_ARCH = YES;
				SDKROOT = iphoneos;
				SWIFT_ACTIVE_COMPILATION_CONDITIONS = DEBUG;
				SWIFT_OPTIMIZATION_LEVEL = "-Onone";
			};
			name = Debug;
		};
		E3FAED7328079059008CDAF4 /* Release */ = {
			isa = XCBuildConfiguration;
			buildSettings = {
				ALWAYS_SEARCH_USER_PATHS = NO;
				CLANG_ANALYZER_NONNULL = YES;
				CLANG_ANALYZER_NUMBER_OBJECT_CONVERSION = YES_AGGRESSIVE;
				CLANG_CXX_LANGUAGE_STANDARD = "gnu++17";
				CLANG_CXX_LIBRARY = "libc++";
				CLANG_ENABLE_MODULES = YES;
				CLANG_ENABLE_OBJC_ARC = YES;
				CLANG_ENABLE_OBJC_WEAK = YES;
				CLANG_WARN_BLOCK_CAPTURE_AUTORELEASING = YES;
				CLANG_WARN_BOOL_CONVERSION = YES;
				CLANG_WARN_COMMA = YES;
				CLANG_WARN_CONSTANT_CONVERSION = YES;
				CLANG_WARN_DEPRECATED_OBJC_IMPLEMENTATIONS = YES;
				CLANG_WARN_DIRECT_OBJC_ISA_USAGE = YES_ERROR;
				CLANG_WARN_DOCUMENTATION_COMMENTS = YES;
				CLANG_WARN_EMPTY_BODY = YES;
				CLANG_WARN_ENUM_CONVERSION = YES;
				CLANG_WARN_INFINITE_RECURSION = YES;
				CLANG_WARN_INT_CONVERSION = YES;
				CLANG_WARN_NON_LITERAL_NULL_CONVERSION = YES;
				CLANG_WARN_OBJC_IMPLICIT_RETAIN_SELF = YES;
				CLANG_WARN_OBJC_LITERAL_CONVERSION = YES;
				CLANG_WARN_OBJC_ROOT_CLASS = YES_ERROR;
				CLANG_WARN_QUOTED_INCLUDE_IN_FRAMEWORK_HEADER = YES;
				CLANG_WARN_RANGE_LOOP_ANALYSIS = YES;
				CLANG_WARN_STRICT_PROTOTYPES = YES;
				CLANG_WARN_SUSPICIOUS_MOVE = YES;
				CLANG_WARN_UNGUARDED_AVAILABILITY = YES_AGGRESSIVE;
				CLANG_WARN_UNREACHABLE_CODE = YES;
				CLANG_WARN__DUPLICATE_METHOD_MATCH = YES;
				COPY_PHASE_STRIP = NO;
				DEBUG_INFORMATION_FORMAT = "dwarf-with-dsym";
				ENABLE_NS_ASSERTIONS = NO;
				ENABLE_STRICT_OBJC_MSGSEND = YES;
				GCC_C_LANGUAGE_STANDARD = gnu11;
				GCC_NO_COMMON_BLOCKS = YES;
				GCC_WARN_64_TO_32_BIT_CONVERSION = YES;
				GCC_WARN_ABOUT_RETURN_TYPE = YES_ERROR;
				GCC_WARN_UNDECLARED_SELECTOR = YES;
				GCC_WARN_UNINITIALIZED_AUTOS = YES_AGGRESSIVE;
				GCC_WARN_UNUSED_FUNCTION = YES;
				GCC_WARN_UNUSED_VARIABLE = YES;
				IPHONEOS_DEPLOYMENT_TARGET = 15.2;
				MTL_ENABLE_DEBUG_INFO = NO;
				MTL_FAST_MATH = YES;
				SDKROOT = iphoneos;
				SWIFT_COMPILATION_MODE = wholemodule;
				SWIFT_OPTIMIZATION_LEVEL = "-O";
				VALIDATE_PRODUCT = YES;
			};
			name = Release;
		};
		E3FAED7528079059008CDAF4 /* Debug */ = {
			isa = XCBuildConfiguration;
			baseConfigurationReference = 95294C6061F74EA055DF7EB9 /* Pods-Armaggedon 2022.debug.xcconfig */;
			buildSettings = {
				ASSETCATALOG_COMPILER_APPICON_NAME = AppIcon;
				ASSETCATALOG_COMPILER_GLOBAL_ACCENT_COLOR_NAME = AccentColor;
				CODE_SIGN_STYLE = Automatic;
				CURRENT_PROJECT_VERSION = 1;
				DEVELOPMENT_TEAM = GW7LHNH94F;
				GENERATE_INFOPLIST_FILE = YES;
				INFOPLIST_FILE = "Armaggedon 2022/Resources/Info.plist";
				INFOPLIST_KEY_UIApplicationSupportsIndirectInputEvents = YES;
				INFOPLIST_KEY_UILaunchStoryboardName = LaunchScreen;
				INFOPLIST_KEY_UISupportedInterfaceOrientations = UIInterfaceOrientationPortrait;
				INFOPLIST_KEY_UISupportedInterfaceOrientations_iPad = "UIInterfaceOrientationPortrait UIInterfaceOrientationPortraitUpsideDown UIInterfaceOrientationLandscapeLeft UIInterfaceOrientationLandscapeRight";
				INFOPLIST_KEY_UISupportedInterfaceOrientations_iPhone = "UIInterfaceOrientationPortrait UIInterfaceOrientationLandscapeLeft UIInterfaceOrientationLandscapeRight";
				LD_RUNPATH_SEARCH_PATHS = (
					"$(inherited)",
					"@executable_path/Frameworks",
				);
				MARKETING_VERSION = 1.0;
				PRODUCT_BUNDLE_IDENTIFIER = "ViktorRubenko.Armaggedon-2022";
				PRODUCT_NAME = "$(TARGET_NAME)";
				SWIFT_EMIT_LOC_STRINGS = YES;
				SWIFT_VERSION = 5.0;
				TARGETED_DEVICE_FAMILY = 1;
			};
			name = Debug;
		};
		E3FAED7628079059008CDAF4 /* Release */ = {
			isa = XCBuildConfiguration;
			baseConfigurationReference = 918CD4A16A80E84606B9DC59 /* Pods-Armaggedon 2022.release.xcconfig */;
			buildSettings = {
				ASSETCATALOG_COMPILER_APPICON_NAME = AppIcon;
				ASSETCATALOG_COMPILER_GLOBAL_ACCENT_COLOR_NAME = AccentColor;
				CODE_SIGN_STYLE = Automatic;
				CURRENT_PROJECT_VERSION = 1;
				DEVELOPMENT_TEAM = GW7LHNH94F;
				GENERATE_INFOPLIST_FILE = YES;
				INFOPLIST_FILE = "Armaggedon 2022/Resources/Info.plist";
				INFOPLIST_KEY_UIApplicationSupportsIndirectInputEvents = YES;
				INFOPLIST_KEY_UILaunchStoryboardName = LaunchScreen;
				INFOPLIST_KEY_UISupportedInterfaceOrientations = UIInterfaceOrientationPortrait;
				INFOPLIST_KEY_UISupportedInterfaceOrientations_iPad = "UIInterfaceOrientationPortrait UIInterfaceOrientationPortraitUpsideDown UIInterfaceOrientationLandscapeLeft UIInterfaceOrientationLandscapeRight";
				INFOPLIST_KEY_UISupportedInterfaceOrientations_iPhone = "UIInterfaceOrientationPortrait UIInterfaceOrientationLandscapeLeft UIInterfaceOrientationLandscapeRight";
				LD_RUNPATH_SEARCH_PATHS = (
					"$(inherited)",
					"@executable_path/Frameworks",
				);
				MARKETING_VERSION = 1.0;
				PRODUCT_BUNDLE_IDENTIFIER = "ViktorRubenko.Armaggedon-2022";
				PRODUCT_NAME = "$(TARGET_NAME)";
				SWIFT_EMIT_LOC_STRINGS = YES;
				SWIFT_VERSION = 5.0;
				TARGETED_DEVICE_FAMILY = 1;
			};
			name = Release;
		};
/* End XCBuildConfiguration section */

/* Begin XCConfigurationList section */
		E3FAED5B28079057008CDAF4 /* Build configuration list for PBXProject "Armaggedon 2022" */ = {
			isa = XCConfigurationList;
			buildConfigurations = (
				E3FAED7228079059008CDAF4 /* Debug */,
				E3FAED7328079059008CDAF4 /* Release */,
			);
			defaultConfigurationIsVisible = 0;
			defaultConfigurationName = Release;
		};
		E3FAED7428079059008CDAF4 /* Build configuration list for PBXNativeTarget "Armaggedon 2022" */ = {
			isa = XCConfigurationList;
			buildConfigurations = (
				E3FAED7528079059008CDAF4 /* Debug */,
				E3FAED7628079059008CDAF4 /* Release */,
			);
			defaultConfigurationIsVisible = 0;
			defaultConfigurationName = Release;
		};
/* End XCConfigurationList section */
	};
	rootObject = E3FAED5828079057008CDAF4 /* Project object */;
}
