PODS:
  - Alamofire (5.5.0)
  - SnapKit (5.0.1)
  - XMLCoder (0.13.1)

DEPENDENCIES:
  - Alamofire (~> 5.5)
  - SnapKit (~> 5.0.0)
  - XMLCoder (~> 0.13.1)

SPEC REPOS:
  https://github.com/CocoaPods/Specs.git:
    - Alamofire
    - SnapKit
    - XMLCoder

SPEC CHECKSUMS:
  Alamofire: 1c4fb5369c3fe93d2857c780d8bbe09f06f97e7c
  SnapKit: 97b92857e3df3a0c71833cce143274bf6ef8e5eb
  XMLCoder: bd962586bc6777a9e6a17bc84d97a3c5413a9495

PODFILE CHECKSUM: b17fffd90b760fb244fc57e487e27ee1eee6d64e

COCOAPODS: 1.11.2
